
Microsoft Visual Studio Solution File, Format Version 12.00
# Visual Studio Version 17
VisualStudioVersion = 17.7.34221.43
MinimumVisualStudioVersion = 10.0.40219.1
Project("{FAE04EC0-301F-11D3-BF4B-00C04F79EFBC}") = "ArrayListAsssignment", "ArrayListAsssignment\ArrayListAsssignment.csproj", "{1AD52C63-82B9-4FD0-9974-343BC9A85D78}"
EndProject
Global
	GlobalSection(SolutionConfigurationPlatforms) = preSolution
		Debug|Any CPU = Debug|Any CPU
		Release|Any CPU = Release|Any CPU
	EndGlobalSection
	GlobalSection(ProjectConfigurationPlatforms) = postSolution
		{1AD52C63-82B9-4FD0-9974-343BC9A85D78}.Debug|Any CPU.ActiveCfg = Debug|Any CPU
		{1AD52C63-82B9-4FD0-9974-343BC9A85D78}.Debug|Any CPU.Build.0 = Debug|Any CPU
		{1AD52C63-82B9-4FD0-9974-343BC9A85D78}.Release|Any CPU.ActiveCfg = Release|Any CPU
		{1AD52C63-82B9-4FD0-9974-343BC9A85D78}.Release|Any CPU.Build.0 = Release|Any CPU
	EndGlobalSection
	GlobalSection(SolutionProperties) = preSolution
		HideSolutionNode = FALSE
	EndGlobalSection
	GlobalSection(ExtensibilityGlobals) = postSolution
		SolutionGuid = {0A4F33C0-D105-46FB-A393-2F39235E9051}
	EndGlobalSection
EndGlobal
